// !$*UTF8*$!
{
	archiveVersion = 1;
	classes = {
	};
	objectVersion = 50;
	objects = {

/* Begin PBXBuildFile section */
		36BB86C624607D9300C5C06A /* AppDelegate.m in Sources */ = {isa = PBXBuildFile; fileRef = 36BB86C524607D9300C5C06A /* AppDelegate.m */; };
		36BB86C924607D9300C5C06A /* SceneDelegate.m in Sources */ = {isa = PBXBuildFile; fileRef = 36BB86C824607D9300C5C06A /* SceneDelegate.m */; };
		36BB86CC24607D9300C5C06A /* ViewController.m in Sources */ = {isa = PBXBuildFile; fileRef = 36BB86CB24607D9300C5C06A /* ViewController.m */; };
		36BB86CF24607D9300C5C06A /* Main.storyboard in Resources */ = {isa = PBXBuildFile; fileRef = 36BB86CD24607D9300C5C06A /* Main.storyboard */; };
		36BB86D124607D9500C5C06A /* Assets.xcassets in Resources */ = {isa = PBXBuildFile; fileRef = 36BB86D024607D9500C5C06A /* Assets.xcassets */; };
		36BB86D424607D9500C5C06A /* LaunchScreen.storyboard in Resources */ = {isa = PBXBuildFile; fileRef = 36BB86D224607D9500C5C06A /* LaunchScreen.storyboard */; };
		36BB86D724607D9500C5C06A /* main.m in Sources */ = {isa = PBXBuildFile; fileRef = 36BB86D624607D9500C5C06A /* main.m */; };
		36BB86DF2460821100C5C06A /* TrianglesDemoController.m in Sources */ = {isa = PBXBuildFile; fileRef = 36BB86DE2460821100C5C06A /* TrianglesDemoController.m */; };
/* End PBXBuildFile section */

/* Begin PBXFileReference section */
		36BB86C124607D9300C5C06A /* LearnOpenGLES-01.app */ = {isa = PBXFileReference; explicitFileType = wrapper.application; includeInIndex = 0; path = "LearnOpenGLES-01.app"; sourceTree = BUILT_PRODUCTS_DIR; };
		36BB86C424607D9300C5C06A /* AppDelegate.h */ = {isa = PBXFileReference; lastKnownFileType = sourcecode.c.h; path = AppDelegate.h; sourceTree = "<group>"; };
		36BB86C524607D9300C5C06A /* AppDelegate.m */ = {isa = PBXFileReference; lastKnownFileType = sourcecode.c.objc; path = AppDelegate.m; sourceTree = "<group>"; };
		36BB86C724607D9300C5C06A /* SceneDelegate.h */ = {isa = PBXFileReference; lastKnownFileType = sourcecode.c.h; path = SceneDelegate.h; sourceTree = "<group>"; };
		36BB86C824607D9300C5C06A /* SceneDelegate.m */ = {isa = PBXFileReference; lastKnownFileType = sourcecode.c.objc; path = SceneDelegate.m; sourceTree = "<group>"; };
		36BB86CA24607D9300C5C06A /* ViewController.h */ = {isa = PBXFileReference; lastKnownFileType = sourcecode.c.h; path = ViewController.h; sourceTree = "<group>"; };
		36BB86CB24607D9300C5C06A /* ViewController.m */ = {isa = PBXFileReference; lastKnownFileType = sourcecode.c.objc; path = ViewController.m; sourceTree = "<group>"; };
		36BB86CE24607D9300C5C06A /* Base */ = {isa = PBXFileReference; lastKnownFileType = file.storyboard; name = Base; path = Base.lproj/Main.storyboard; sourceTree = "<group>"; };
		36BB86D024607D9500C5C06A /* Assets.xcassets */ = {isa = PBXFileReference; lastKnownFileType = folder.assetcatalog; path = Assets.xcassets; sourceTree = "<group>"; };
		36BB86D324607D9500C5C06A /* Base */ = {isa = PBXFileReference; lastKnownFileType = file.storyboard; name = Base; path = Base.lproj/LaunchScreen.storyboard; sourceTree = "<group>"; };
		36BB86D524607D9500C5C06A /* Info.plist */ = {isa = PBXFileReference; lastKnownFileType = text.plist.xml; path = Info.plist; sourceTree = "<group>"; };
		36BB86D624607D9500C5C06A /* main.m */ = {isa = PBXFileReference; lastKnownFileType = sourcecode.c.objc; path = main.m; sourceTree = "<group>"; };
		36BB86DD2460821100C5C06A /* TrianglesDemoController.h */ = {isa = PBXFileReference; lastKnownFileType = sourcecode.c.h; path = TrianglesDemoController.h; sourceTree = "<group>"; };
		36BB86DE2460821100C5C06A /* TrianglesDemoController.m */ = {isa = PBXFileReference; lastKnownFileType = sourcecode.c.objc; path = TrianglesDemoController.m; sourceTree = "<group>"; };
/* End PBXFileReference section */

/* Begin PBXFrameworksBuildPhase section */
		36BB86BE24607D9300C5C06A /* Frameworks */ = {
			isa = PBXFrameworksBuildPhase;
			buildActionMask = 2147483647;
			files = (
			);
			runOnlyForDeploymentPostprocessing = 0;
		};
/* End PBXFrameworksBuildPhase section */

/* Begin PBXGroup section */
		36BB86B824607D9300C5C06A = {
			isa = PBXGroup;
			children = (
				36BB86C324607D9300C5C06A /* LearnOpenGLES-01 */,
				36BB86C224607D9300C5C06A /* Products */,
			);
			sourceTree = "<group>";
		};
		36BB86C224607D9300C5C06A /* Products */ = {
			isa = PBXGroup;
			children = (
				36BB86C124607D9300C5C06A /* LearnOpenGLES-01.app */,
			);
			name = Products;
			sourceTree = "<group>";
		};
		36BB86C324607D9300C5C06A /* LearnOpenGLES-01 */ = {
			isa = PBXGroup;
			children = (
				36BB86C424607D9300C5C06A /* AppDelegate.h */,
				36BB86C524607D9300C5C06A /* AppDelegate.m */,
				36BB86C724607D9300C5C06A /* SceneDelegate.h */,
				36BB86C824607D9300C5C06A /* SceneDelegate.m */,
				36BB86CA24607D9300C5C06A /* ViewController.h */,
				36BB86CB24607D9300C5C06A /* ViewController.m */,
				36BB86CD24607D9300C5C06A /* Main.storyboard */,
				36BB86D024607D9500C5C06A /* Assets.xcassets */,
				36BB86D224607D9500C5C06A /* LaunchScreen.storyboard */,
				36BB86D524607D9500C5C06A /* Info.plist */,
				36BB86D624607D9500C5C06A /* main.m */,
				36BB86DD2460821100C5C06A /* TrianglesDemoController.h */,
				36BB86DE2460821100C5C06A /* TrianglesDemoController.m */,
			);
			path = "LearnOpenGLES-01";
			sourceTree = "<group>";
		};
/* End PBXGroup section */

/* Begin PBXNativeTarget section */
		36BB86C024607D9300C5C06A /* LearnOpenGLES-01 */ = {
			isa = PBXNativeTarget;
			buildConfigurationList = 36BB86DA24607D9500C5C06A /* Build configuration list for PBXNativeTarget "LearnOpenGLES-01" */;
			buildPhases = (
				36BB86BD24607D9300C5C06A /* Sources */,
				36BB86BE24607D9300C5C06A /* Frameworks */,
				36BB86BF24607D9300C5C06A /* Resources */,
			);
			buildRules = (
			);
			dependencies = (
			);
			name = "LearnOpenGLES-01";
			productName = "LearnOpenGLES-01";
			productReference = 36BB86C124607D9300C5C06A /* LearnOpenGLES-01.app */;
			productType = "com.apple.product-type.application";
		};
/* End PBXNativeTarget section */

/* Begin PBXProject section */
		36BB86B924607D9300C5C06A /* Project object */ = {
			isa = PBXProject;
			attributes = {
				LastUpgradeCheck = 1120;
				ORGANIZATIONNAME = zh2zh;
				TargetAttributes = {
					36BB86C024607D9300C5C06A = {
						CreatedOnToolsVersion = 11.2.1;
					};
				};
			};
			buildConfigurationList = 36BB86BC24607D9300C5C06A /* Build configuration list for PBXProject "LearnOpenGLES-01" */;
			compatibilityVersion = "Xcode 9.3";
			developmentRegion = en;
			hasScannedForEncodings = 0;
			knownRegions = (
				en,
				Base,
			);
			mainGroup = 36BB86B824607D9300C5C06A;
			productRefGroup = 36BB86C224607D9300C5C06A /* Products */;
			projectDirPath = "";
			projectRoot = "";
			targets = (
				36BB86C024607D9300C5C06A /* LearnOpenGLES-01 */,
			);
		};
/* End PBXProject section */

/* Begin PBXResourcesBuildPhase section */
		36BB86BF24607D9300C5C06A /* Resources */ = {
			isa = PBXResourcesBuildPhase;
			buildActionMask = 2147483647;
			files = (
				36BB86D424607D9500C5C06A /* LaunchScreen.storyboard in Resources */,
				36BB86D124607D9500C5C06A /* Assets.xcassets in Resources */,
				36BB86CF24607D9300C5C06A /* Main.storyboard in Resources */,
			);
			runOnlyForDeploymentPostprocessing = 0;
		};
/* End PBXResourcesBuildPhase section */

/* Begin PBXSourcesBuildPhase section */
		36BB86BD24607D9300C5C06A /* Sources */ = {
			isa = PBXSourcesBuildPhase;
			buildActionMask = 2147483647;
			files = (
				36BB86CC24607D9300C5C06A /* ViewController.m in Sources */,
				36BB86C624607D9300C5C06A /* AppDelegate.m in Sources */,
				36BB86DF2460821100C5C06A /* TrianglesDemoController.m in Sources */,
				36BB86D724607D9500C5C06A /* main.m in Sources */,
				36BB86C924607D9300C5C06A /* SceneDelegate.m in Sources */,
			);
			runOnlyForDeploymentPostprocessing = 0;
		};
/* End PBXSourcesBuildPhase section */

/* Begin PBXVariantGroup section */
		36BB86CD24607D9300C5C06A /* Main.storyboard */ = {
			isa = PBXVariantGroup;
			children = (
				36BB86CE24607D9300C5C06A /* Base */,
			);
			name = Main.storyboard;
			sourceTree = "<group>";
		};
		36BB86D224607D9500C5C06A /* LaunchScreen.storyboard */ = {
			isa = PBXVariantGroup;
			children = (
				36BB86D324607D9500C5C06A /* Base */,
			);
			name = LaunchScreen.storyboard;
			sourceTree = "<group>";
		};
/* End PBXVariantGroup section */

/* Begin XCBuildConfiguration section */
		36BB86D824607D9500C5C06A /* Debug */ = {
			isa = XCBuildConfiguration;
			buildSettings = {
				ALWAYS_SEARCH_USER_PATHS = NO;
				CLANG_ANALYZER_NONNULL = YES;
				CLANG_ANALYZER_NUMBER_OBJECT_CONVERSION = YES_AGGRESSIVE;
				CLANG_CXX_LANGUAGE_STANDARD = "gnu++14";
				CLANG_CXX_LIBRARY = "libc++";
				CLANG_ENABLE_MODULES = YES;
				CLANG_ENABLE_OBJC_ARC = YES;
				CLANG_ENABLE_OBJC_WEAK = YES;
				CLANG_WARN_BLOCK_CAPTURE_AUTORELEASING = YES;
				CLANG_WARN_BOOL_CONVERSION = YES;
				CLANG_WARN_COMMA = YES;
				CLANG_WARN_CONSTANT_CONVERSION = YES;
				CLANG_WARN_DEPRECATED_OBJC_IMPLEMENTATIONS = YES;
				CLANG_WARN_DIRECT_OBJC_ISA_USAGE = YES_ERROR;
				CLANG_WARN_DOCUMENTATION_COMMENTS = YES;
				CLANG_WARN_EMPTY_BODY = YES;
				CLANG_WARN_ENUM_CONVERSION = YES;
				CLANG_WARN_INFINITE_RECURSION = YES;
				CLANG_WARN_INT_CONVERSION = YES;
				CLANG_WARN_NON_LITERAL_NULL_CONVERSION = YES;
				CLANG_WARN_OBJC_IMPLICIT_RETAIN_SELF = YES;
				CLANG_WARN_OBJC_LITERAL_CONVERSION = YES;
				CLANG_WARN_OBJC_ROOT_CLASS = YES_ERROR;
				CLANG_WARN_RANGE_LOOP_ANALYSIS = YES;
				CLANG_WARN_STRICT_PROTOTYPES = YES;
				CLANG_WARN_SUSPICIOUS_MOVE = YES;
				CLANG_WARN_UNGUARDED_AVAILABILITY = YES_AGGRESSIVE;
				CLANG_WARN_UNREACHABLE_CODE = YES;
				CLANG_WARN__DUPLICATE_METHOD_MATCH = YES;
				COPY_PHASE_STRIP = NO;
				DEBUG_INFORMATION_FORMAT = dwarf;
				ENABLE_STRICT_OBJC_MSGSEND = YES;
				ENABLE_TESTABILITY = YES;
				GCC_C_LANGUAGE_STANDARD = gnu11;
				GCC_DYNAMIC_NO_PIC = NO;
				GCC_NO_COMMON_BLOCKS = YES;
				GCC_OPTIMIZATION_LEVEL = 0;
				GCC_PREPROCESSOR_DEFINITIONS = (
					"DEBUG=1",
					"$(inherited)",
				);
				GCC_WARN_64_TO_32_BIT_CONVERSION = YES;
				GCC_WARN_ABOUT_RETURN_TYPE = YES_ERROR;
				GCC_WARN_UNDECLARED_SELECTOR = YES;
				GCC_WARN_UNINITIALIZED_AUTOS = YES_AGGRESSIVE;
				GCC_WARN_UNUSED_FUNCTION = YES;
				GCC_WARN_UNUSED_VARIABLE = YES;
				IPHONEOS_DEPLOYMENT_TARGET = 13.2;
				MTL_ENABLE_DEBUG_INFO = INCLUDE_SOURCE;
				MTL_FAST_MATH = YES;
				ONLY_ACTIVE_ARCH = YES;
				SDKROOT = iphoneos;
			};
			name = Debug;
		};
		36BB86D924607D9500C5C06A /* Release */ = {
			isa = XCBuildConfiguration;
			buildSettings = {
				ALWAYS_SEARCH_USER_PATHS = NO;
				CLANG_ANALYZER_NONNULL = YES;
				CLANG_ANALYZER_NUMBER_OBJECT_CONVERSION = YES_AGGRESSIVE;
				CLANG_CXX_LANGUAGE_STANDARD = "gnu++14";
				CLANG_CXX_LIBRARY = "libc++";
				CLANG_ENABLE_MODULES = YES;
				CLANG_ENABLE_OBJC_ARC = YES;
				CLANG_ENABLE_OBJC_WEAK = YES;
				CLANG_WARN_BLOCK_CAPTURE_AUTORELEASING = YES;
				CLANG_WARN_BOOL_CONVERSION = YES;
				CLANG_WARN_COMMA = YES;
				CLANG_WARN_CONSTANT_CONVERSION = YES;
				CLANG_WARN_DEPRECATED_OBJC_IMPLEMENTATIONS = YES;
				CLANG_WARN_DIRECT_OBJC_ISA_USAGE = YES_ERROR;
				CLANG_WARN_DOCUMENTATION_COMMENTS = YES;
				CLANG_WARN_EMPTY_BODY = YES;
				CLANG_WARN_ENUM_CONVERSION = YES;
				CLANG_WARN_INFINITE_RECURSION = YES;
				CLANG_WARN_INT_CONVERSION = YES;
				CLANG_WARN_NON_LITERAL_NULL_CONVERSION = YES;
				CLANG_WARN_OBJC_IMPLICIT_RETAIN_SELF = YES;
				CLANG_WARN_OBJC_LITERAL_CONVERSION = YES;
				CLANG_WARN_OBJC_ROOT_CLASS = YES_ERROR;
				CLANG_WARN_RANGE_LOOP_ANALYSIS = YES;
				CLANG_WARN_STRICT_PROTOTYPES = YES;
				CLANG_WARN_SUSPICIOUS_MOVE = YES;
				CLANG_WARN_UNGUARDED_AVAILABILITY = YES_AGGRESSIVE;
				CLANG_WARN_UNREACHABLE_CODE = YES;
				CLANG_WARN__DUPLICATE_METHOD_MATCH = YES;
				COPY_PHASE_STRIP = NO;
				DEBUG_INFORMATION_FORMAT = "dwarf-with-dsym";
				ENABLE_NS_ASSERTIONS = NO;
				ENABLE_STRICT_OBJC_MSGSEND = YES;
				GCC_C_LANGUAGE_STANDARD = gnu11;
				GCC_NO_COMMON_BLOCKS = YES;
				GCC_WARN_64_TO_32_BIT_CONVERSION = YES;
				GCC_WARN_ABOUT_RETURN_TYPE = YES_ERROR;
				GCC_WARN_UNDECLARED_SELECTOR = YES;
				GCC_WARN_UNINITIALIZED_AUTOS = YES_AGGRESSIVE;
				GCC_WARN_UNUSED_FUNCTION = YES;
				GCC_WARN_UNUSED_VARIABLE = YES;
				IPHONEOS_DEPLOYMENT_TARGET = 13.2;
				MTL_ENABLE_DEBUG_INFO = NO;
				MTL_FAST_MATH = YES;
				SDKROOT = iphoneos;
				VALIDATE_PRODUCT = YES;
			};
			name = Release;
		};
		36BB86DB24607D9500C5C06A /* Debug */ = {
			isa = XCBuildConfiguration;
			buildSettings = {
				ASSETCATALOG_COMPILER_APPICON_NAME = AppIcon;
				CODE_SIGN_STYLE = Automatic;
				DEVELOPMENT_TEAM = V749Z9W6M7;
				INFOPLIST_FILE = "LearnOpenGLES-01/Info.plist";
				LD_RUNPATH_SEARCH_PATHS = (
					"$(inherited)",
					"@executable_path/Frameworks",
				);
				PRODUCT_BUNDLE_IDENTIFIER = "com.weili.LearnOpenGLES-01";
				PRODUCT_NAME = "$(TARGET_NAME)";
				TARGETED_DEVICE_FAMILY = "1,2";
			};
			name = Debug;
		};
		36BB86DC24607D9500C5C06A /* Release */ = {
			isa = XCBuildConfiguration;
			buildSettings = {
				ASSETCATALOG_COMPILER_APPICON_NAME = AppIcon;
				CODE_SIGN_STYLE = Automatic;
				DEVELOPMENT_TEAM = V749Z9W6M7;
				INFOPLIST_FILE = "LearnOpenGLES-01/Info.plist";
				LD_RUNPATH_SEARCH_PATHS = (
					"$(inherited)",
					"@executable_path/Frameworks",
				);
				PRODUCT_BUNDLE_IDENTIFIER = "com.weili.LearnOpenGLES-01";
				PRODUCT_NAME = "$(TARGET_NAME)";
				TARGETED_DEVICE_FAMILY = "1,2";
			};
			name = Release;
		};
/* End XCBuildConfiguration section */

/* Begin XCConfigurationList section */
		36BB86BC24607D9300C5C06A /* Build configuration list for PBXProject "LearnOpenGLES-01" */ = {
			isa = XCConfigurationList;
			buildConfigurations = (
				36BB86D824607D9500C5C06A /* Debug */,
				36BB86D924607D9500C5C06A /* Release */,
			);
			defaultConfigurationIsVisible = 0;
			defaultConfigurationName = Release;
		};
		36BB86DA24607D9500C5C06A /* Build configuration list for PBXNativeTarget "LearnOpenGLES-01" */ = {
			isa = XCConfigurationList;
			buildConfigurations = (
				36BB86DB24607D9500C5C06A /* Debug */,
				36BB86DC24607D9500C5C06A /* Release */,
			);
			defaultConfigurationIsVisible = 0;
			defaultConfigurationName = Release;
		};
/* End XCConfigurationList section */
	};
	rootObject = 36BB86B924607D9300C5C06A /* Project object */;
}
